{
  "originHash" : "d39189adb3a815faab174c2aef9a475702938dd3921de133428a58344be25f07",
  "pins" : [
    {
      "identity" : "swift-argument-parser",
      "kind" : "remoteSourceControl",
      "location" : "https://github.com/apple/swift-argument-parser",
      "state" : {
        "revision" : "cdd0ef3755280949551dc26dee5de9ddeda89f54",
        "version" : "1.6.2"
      }
    }
  ],
  "version" : 3
}
